
Microsoft Visual Studio Solution File, Format Version 12.00
# Visual Studio Version 16
Project("{2150E333-8FDC-42A3-9474-1A3956D46DE8}") = "ThirdParty", "ThirdParty", "{181C986F-3C5A-3189-8329-BAAE4316D5B0}"
EndProject
Project("{2150E333-8FDC-42A3-9474-1A3956D46DE8}") = "_cmake", "_cmake", "{77283AC3-D927-3B29-A91D-CC529D6A406A}"
EndProject
Project("{8BC9CEB8-8B4A-11D0-8D11-00A0C91BC942}") = "ALL_BUILD", "ALL_BUILD.vcxproj", "{3D6D18BC-BFEA-3227-AED0-DF0AACBC6D4F}"
	ProjectSection(ProjectDependencies) = postProject
		{EA337BA8-DF7B-39E9-BED1-E3006B0EB8AB} = {EA337BA8-DF7B-39E9-BED1-E3006B0EB8AB}
		{4CFAF9A6-EAC5-3E86-B7F3-A23BADF5D593} = {4CFAF9A6-EAC5-3E86-B7F3-A23BADF5D593}
	EndProjectSection
EndProject
Project("{8BC9CEB8-8B4A-11D0-8D11-00A0C91BC942}") = "INSTALL", "INSTALL.vcxproj", "{DC8D47D1-CE58-35CF-8DAA-CFE46E33F101}"
	ProjectSection(ProjectDependencies) = postProject
		{3D6D18BC-BFEA-3227-AED0-DF0AACBC6D4F} = {3D6D18BC-BFEA-3227-AED0-DF0AACBC6D4F}
		{EA337BA8-DF7B-39E9-BED1-E3006B0EB8AB} = {EA337BA8-DF7B-39E9-BED1-E3006B0EB8AB}
	EndProjectSection
EndProject
Project("{8BC9CEB8-8B4A-11D0-8D11-00A0C91BC942}") = "ZERO_CHECK", "..\..\\ZERO_CHECK.vcxproj", "{EA337BA8-DF7B-39E9-BED1-E3006B0EB8AB}"
	ProjectSection(ProjectDependencies) = postProject
	EndProjectSection
EndProject
Project("{8BC9CEB8-8B4A-11D0-8D11-00A0C91BC942}") = "glfw", "..\..\nvpro_core\third_party\glfw\src\glfw.vcxproj", "{568F5359-1B7B-3B7B-BB70-7686CD249156}"
	ProjectSection(ProjectDependencies) = postProject
		{EA337BA8-DF7B-39E9-BED1-E3006B0EB8AB} = {EA337BA8-DF7B-39E9-BED1-E3006B0EB8AB}
	EndProjectSection
EndProject
Project("{8BC9CEB8-8B4A-11D0-8D11-00A0C91BC942}") = "imgui", "..\..\nvpro_core\third_party\imgui.vcxproj", "{175049E8-E4FD-3E45-B858-2FB01DCF0AC7}"
	ProjectSection(ProjectDependencies) = postProject
		{EA337BA8-DF7B-39E9-BED1-E3006B0EB8AB} = {EA337BA8-DF7B-39E9-BED1-E3006B0EB8AB}
	EndProjectSection
EndProject
Project("{8BC9CEB8-8B4A-11D0-8D11-00A0C91BC942}") = "nvpro_core", "..\..\nvpro_core\nvpro_core.vcxproj", "{A71B9A2A-7C68-3AA8-874A-D3236E283F7A}"
	ProjectSection(ProjectDependencies) = postProject
		{EA337BA8-DF7B-39E9-BED1-E3006B0EB8AB} = {EA337BA8-DF7B-39E9-BED1-E3006B0EB8AB}
		{568F5359-1B7B-3B7B-BB70-7686CD249156} = {568F5359-1B7B-3B7B-BB70-7686CD249156}
		{175049E8-E4FD-3E45-B858-2FB01DCF0AC7} = {175049E8-E4FD-3E45-B858-2FB01DCF0AC7}
	EndProjectSection
EndProject
Project("{8BC9CEB8-8B4A-11D0-8D11-00A0C91BC942}") = "vk_mini_path_tracer_e10_materials", "vk_mini_path_tracer_e10_materials.vcxproj", "{4CFAF9A6-EAC5-3E86-B7F3-A23BADF5D593}"
	ProjectSection(ProjectDependencies) = postProject
		{EA337BA8-DF7B-39E9-BED1-E3006B0EB8AB} = {EA337BA8-DF7B-39E9-BED1-E3006B0EB8AB}
		{568F5359-1B7B-3B7B-BB70-7686CD249156} = {568F5359-1B7B-3B7B-BB70-7686CD249156}
		{175049E8-E4FD-3E45-B858-2FB01DCF0AC7} = {175049E8-E4FD-3E45-B858-2FB01DCF0AC7}
		{A71B9A2A-7C68-3AA8-874A-D3236E283F7A} = {A71B9A2A-7C68-3AA8-874A-D3236E283F7A}
	EndProjectSection
EndProject
Global
	GlobalSection(SolutionConfigurationPlatforms) = preSolution
		Debug|x64 = Debug|x64
		Release|x64 = Release|x64
		MinSizeRel|x64 = MinSizeRel|x64
		RelWithDebInfo|x64 = RelWithDebInfo|x64
	EndGlobalSection
	GlobalSection(ProjectConfigurationPlatforms) = postSolution
		{3D6D18BC-BFEA-3227-AED0-DF0AACBC6D4F}.Debug|x64.ActiveCfg = Debug|x64
		{3D6D18BC-BFEA-3227-AED0-DF0AACBC6D4F}.Debug|x64.Build.0 = Debug|x64
		{3D6D18BC-BFEA-3227-AED0-DF0AACBC6D4F}.Release|x64.ActiveCfg = Release|x64
		{3D6D18BC-BFEA-3227-AED0-DF0AACBC6D4F}.Release|x64.Build.0 = Release|x64
		{3D6D18BC-BFEA-3227-AED0-DF0AACBC6D4F}.MinSizeRel|x64.ActiveCfg = MinSizeRel|x64
		{3D6D18BC-BFEA-3227-AED0-DF0AACBC6D4F}.MinSizeRel|x64.Build.0 = MinSizeRel|x64
		{3D6D18BC-BFEA-3227-AED0-DF0AACBC6D4F}.RelWithDebInfo|x64.ActiveCfg = RelWithDebInfo|x64
		{3D6D18BC-BFEA-3227-AED0-DF0AACBC6D4F}.RelWithDebInfo|x64.Build.0 = RelWithDebInfo|x64
		{DC8D47D1-CE58-35CF-8DAA-CFE46E33F101}.Debug|x64.ActiveCfg = Debug|x64
		{DC8D47D1-CE58-35CF-8DAA-CFE46E33F101}.Release|x64.ActiveCfg = Release|x64
		{DC8D47D1-CE58-35CF-8DAA-CFE46E33F101}.MinSizeRel|x64.ActiveCfg = MinSizeRel|x64
		{DC8D47D1-CE58-35CF-8DAA-CFE46E33F101}.RelWithDebInfo|x64.ActiveCfg = RelWithDebInfo|x64
		{EA337BA8-DF7B-39E9-BED1-E3006B0EB8AB}.Debug|x64.ActiveCfg = Debug|x64
		{EA337BA8-DF7B-39E9-BED1-E3006B0EB8AB}.Debug|x64.Build.0 = Debug|x64
		{EA337BA8-DF7B-39E9-BED1-E3006B0EB8AB}.Release|x64.ActiveCfg = Release|x64
		{EA337BA8-DF7B-39E9-BED1-E3006B0EB8AB}.Release|x64.Build.0 = Release|x64
		{EA337BA8-DF7B-39E9-BED1-E3006B0EB8AB}.MinSizeRel|x64.ActiveCfg = MinSizeRel|x64
		{EA337BA8-DF7B-39E9-BED1-E3006B0EB8AB}.MinSizeRel|x64.Build.0 = MinSizeRel|x64
		{EA337BA8-DF7B-39E9-BED1-E3006B0EB8AB}.RelWithDebInfo|x64.ActiveCfg = RelWithDebInfo|x64
		{EA337BA8-DF7B-39E9-BED1-E3006B0EB8AB}.RelWithDebInfo|x64.Build.0 = RelWithDebInfo|x64
		{568F5359-1B7B-3B7B-BB70-7686CD249156}.Debug|x64.ActiveCfg = Debug|x64
		{568F5359-1B7B-3B7B-BB70-7686CD249156}.Debug|x64.Build.0 = Debug|x64
		{568F5359-1B7B-3B7B-BB70-7686CD249156}.Release|x64.ActiveCfg = Release|x64
		{568F5359-1B7B-3B7B-BB70-7686CD249156}.Release|x64.Build.0 = Release|x64
		{568F5359-1B7B-3B7B-BB70-7686CD249156}.MinSizeRel|x64.ActiveCfg = MinSizeRel|x64
		{568F5359-1B7B-3B7B-BB70-7686CD249156}.MinSizeRel|x64.Build.0 = MinSizeRel|x64
		{568F5359-1B7B-3B7B-BB70-7686CD249156}.RelWithDebInfo|x64.ActiveCfg = RelWithDebInfo|x64
		{568F5359-1B7B-3B7B-BB70-7686CD249156}.RelWithDebInfo|x64.Build.0 = RelWithDebInfo|x64
		{175049E8-E4FD-3E45-B858-2FB01DCF0AC7}.Debug|x64.ActiveCfg = Debug|x64
		{175049E8-E4FD-3E45-B858-2FB01DCF0AC7}.Debug|x64.Build.0 = Debug|x64
		{175049E8-E4FD-3E45-B858-2FB01DCF0AC7}.Release|x64.ActiveCfg = Release|x64
		{175049E8-E4FD-3E45-B858-2FB01DCF0AC7}.Release|x64.Build.0 = Release|x64
		{175049E8-E4FD-3E45-B858-2FB01DCF0AC7}.MinSizeRel|x64.ActiveCfg = MinSizeRel|x64
		{175049E8-E4FD-3E45-B858-2FB01DCF0AC7}.MinSizeRel|x64.Build.0 = MinSizeRel|x64
		{175049E8-E4FD-3E45-B858-2FB01DCF0AC7}.RelWithDebInfo|x64.ActiveCfg = RelWithDebInfo|x64
		{175049E8-E4FD-3E45-B858-2FB01DCF0AC7}.RelWithDebInfo|x64.Build.0 = RelWithDebInfo|x64
		{A71B9A2A-7C68-3AA8-874A-D3236E283F7A}.Debug|x64.ActiveCfg = Debug|x64
		{A71B9A2A-7C68-3AA8-874A-D3236E283F7A}.Debug|x64.Build.0 = Debug|x64
		{A71B9A2A-7C68-3AA8-874A-D3236E283F7A}.Release|x64.ActiveCfg = Release|x64
		{A71B9A2A-7C68-3AA8-874A-D3236E283F7A}.Release|x64.Build.0 = Release|x64
		{A71B9A2A-7C68-3AA8-874A-D3236E283F7A}.MinSizeRel|x64.ActiveCfg = MinSizeRel|x64
		{A71B9A2A-7C68-3AA8-874A-D3236E283F7A}.MinSizeRel|x64.Build.0 = MinSizeRel|x64
		{A71B9A2A-7C68-3AA8-874A-D3236E283F7A}.RelWithDebInfo|x64.ActiveCfg = RelWithDebInfo|x64
		{A71B9A2A-7C68-3AA8-874A-D3236E283F7A}.RelWithDebInfo|x64.Build.0 = RelWithDebInfo|x64
		{4CFAF9A6-EAC5-3E86-B7F3-A23BADF5D593}.Debug|x64.ActiveCfg = Debug|x64
		{4CFAF9A6-EAC5-3E86-B7F3-A23BADF5D593}.Debug|x64.Build.0 = Debug|x64
		{4CFAF9A6-EAC5-3E86-B7F3-A23BADF5D593}.Release|x64.ActiveCfg = Release|x64
		{4CFAF9A6-EAC5-3E86-B7F3-A23BADF5D593}.Release|x64.Build.0 = Release|x64
		{4CFAF9A6-EAC5-3E86-B7F3-A23BADF5D593}.MinSizeRel|x64.ActiveCfg = MinSizeRel|x64
		{4CFAF9A6-EAC5-3E86-B7F3-A23BADF5D593}.MinSizeRel|x64.Build.0 = MinSizeRel|x64
		{4CFAF9A6-EAC5-3E86-B7F3-A23BADF5D593}.RelWithDebInfo|x64.ActiveCfg = RelWithDebInfo|x64
		{4CFAF9A6-EAC5-3E86-B7F3-A23BADF5D593}.RelWithDebInfo|x64.Build.0 = RelWithDebInfo|x64
	EndGlobalSection
	GlobalSection(NestedProjects) = preSolution
		{568F5359-1B7B-3B7B-BB70-7686CD249156} = {181C986F-3C5A-3189-8329-BAAE4316D5B0}
		{175049E8-E4FD-3E45-B858-2FB01DCF0AC7} = {181C986F-3C5A-3189-8329-BAAE4316D5B0}
		{3D6D18BC-BFEA-3227-AED0-DF0AACBC6D4F} = {77283AC3-D927-3B29-A91D-CC529D6A406A}
		{DC8D47D1-CE58-35CF-8DAA-CFE46E33F101} = {77283AC3-D927-3B29-A91D-CC529D6A406A}
		{EA337BA8-DF7B-39E9-BED1-E3006B0EB8AB} = {77283AC3-D927-3B29-A91D-CC529D6A406A}
	EndGlobalSection
	GlobalSection(ExtensibilityGlobals) = postSolution
		SolutionGuid = {097A9625-2D06-3E0F-A2C3-DA28036927F8}
	EndGlobalSection
	GlobalSection(ExtensibilityAddIns) = postSolution
	EndGlobalSection
EndGlobal
